
Microsoft Visual Studio Solution File, Format Version 12.00
# Visual Studio 15
Project("{FAE04EC0-301F-11D3-BF4B-00C04F79EFBC}") = "Assembly-CSharp", "Assembly-CSharp.csproj", "{56F2E8AA-E1C9-8A62-5FB2-B432BA1A3324}"
EndProject
Project("{FAE04EC0-301F-11D3-BF4B-00C04F79EFBC}") = "Assembly-CSharp-firstpass", "Assembly-CSharp-firstpass.csproj", "{0F8AFEBB-D7BA-9BEC-5D4C-2C343BB4BB56}"
EndProject
Global
	GlobalSection(SolutionConfigurationPlatforms) = preSolution
		Debug|Any CPU = Debug|Any CPU
		Release|Any CPU = Release|Any CPU
	EndGlobalSection
	GlobalSection(ProjectConfigurationPlatforms) = postSolution
		{56F2E8AA-E1C9-8A62-5FB2-B432BA1A3324}.Debug|Any CPU.ActiveCfg = Debug|Any CPU
		{56F2E8AA-E1C9-8A62-5FB2-B432BA1A3324}.Debug|Any CPU.Build.0 = Debug|Any CPU
		{56F2E8AA-E1C9-8A62-5FB2-B432BA1A3324}.Release|Any CPU.ActiveCfg = Release|Any CPU
		{56F2E8AA-E1C9-8A62-5FB2-B432BA1A3324}.Release|Any CPU.Build.0 = Release|Any CPU
		{0F8AFEBB-D7BA-9BEC-5D4C-2C343BB4BB56}.Debug|Any CPU.ActiveCfg = Debug|Any CPU
		{0F8AFEBB-D7BA-9BEC-5D4C-2C343BB4BB56}.Debug|Any CPU.Build.0 = Debug|Any CPU
		{0F8AFEBB-D7BA-9BEC-5D4C-2C343BB4BB56}.Release|Any CPU.ActiveCfg = Release|Any CPU
		{0F8AFEBB-D7BA-9BEC-5D4C-2C343BB4BB56}.Release|Any CPU.Build.0 = Release|Any CPU
	EndGlobalSection
	GlobalSection(SolutionProperties) = preSolution
		HideSolutionNode = FALSE
	EndGlobalSection
EndGlobal
